
Microsoft Visual Studio Solution File, Format Version 12.00
# Visual Studio 15
VisualStudioVersion = 15.0.27428.2015
MinimumVisualStudioVersion = 10.0.40219.1
Project("{8BC9CEB8-8B4A-11D0-8D11-00A0C91BC942}") = "00casting", "00casting\00casting.vcxproj", "{037A7351-8C99-4371-95AD-EAD17CCB034B}"
EndProject
Project("{FAE04EC0-301F-11D3-BF4B-00C04F79EFBC}") = "cs", "cs\cs.csproj", "{77497FFF-0467-4668-9668-DEB6207637D1}"
EndProject
Global
	GlobalSection(SolutionConfigurationPlatforms) = preSolution
		Debug|Any CPU = Debug|Any CPU
		Debug|x64 = Debug|x64
		Debug|x86 = Debug|x86
		Release|Any CPU = Release|Any CPU
		Release|x64 = Release|x64
		Release|x86 = Release|x86
	EndGlobalSection
	GlobalSection(ProjectConfigurationPlatforms) = postSolution
		{037A7351-8C99-4371-95AD-EAD17CCB034B}.Debug|Any CPU.ActiveCfg = Debug|Win32
		{037A7351-8C99-4371-95AD-EAD17CCB034B}.Debug|x64.ActiveCfg = Debug|x64
		{037A7351-8C99-4371-95AD-EAD17CCB034B}.Debug|x64.Build.0 = Debug|x64
		{037A7351-8C99-4371-95AD-EAD17CCB034B}.Debug|x86.ActiveCfg = Debug|Win32
		{037A7351-8C99-4371-95AD-EAD17CCB034B}.Debug|x86.Build.0 = Debug|Win32
		{037A7351-8C99-4371-95AD-EAD17CCB034B}.Release|Any CPU.ActiveCfg = Release|Win32
		{037A7351-8C99-4371-95AD-EAD17CCB034B}.Release|x64.ActiveCfg = Release|x64
		{037A7351-8C99-4371-95AD-EAD17CCB034B}.Release|x64.Build.0 = Release|x64
		{037A7351-8C99-4371-95AD-EAD17CCB034B}.Release|x86.ActiveCfg = Release|Win32
		{037A7351-8C99-4371-95AD-EAD17CCB034B}.Release|x86.Build.0 = Release|Win32
		{77497FFF-0467-4668-9668-DEB6207637D1}.Debug|Any CPU.ActiveCfg = Debug|Any CPU
		{77497FFF-0467-4668-9668-DEB6207637D1}.Debug|Any CPU.Build.0 = Debug|Any CPU
		{77497FFF-0467-4668-9668-DEB6207637D1}.Debug|x64.ActiveCfg = Debug|Any CPU
		{77497FFF-0467-4668-9668-DEB6207637D1}.Debug|x64.Build.0 = Debug|Any CPU
		{77497FFF-0467-4668-9668-DEB6207637D1}.Debug|x86.ActiveCfg = Debug|Any CPU
		{77497FFF-0467-4668-9668-DEB6207637D1}.Debug|x86.Build.0 = Debug|Any CPU
		{77497FFF-0467-4668-9668-DEB6207637D1}.Release|Any CPU.ActiveCfg = Release|Any CPU
		{77497FFF-0467-4668-9668-DEB6207637D1}.Release|Any CPU.Build.0 = Release|Any CPU
		{77497FFF-0467-4668-9668-DEB6207637D1}.Release|x64.ActiveCfg = Release|Any CPU
		{77497FFF-0467-4668-9668-DEB6207637D1}.Release|x64.Build.0 = Release|Any CPU
		{77497FFF-0467-4668-9668-DEB6207637D1}.Release|x86.ActiveCfg = Release|Any CPU
		{77497FFF-0467-4668-9668-DEB6207637D1}.Release|x86.Build.0 = Release|Any CPU
	EndGlobalSection
	GlobalSection(SolutionProperties) = preSolution
		HideSolutionNode = FALSE
	EndGlobalSection
	GlobalSection(ExtensibilityGlobals) = postSolution
		SolutionGuid = {17B955D3-254A-4719-8CCE-55F1C2D9940C}
	EndGlobalSection
EndGlobal
