
Microsoft Visual Studio Solution File, Format Version 12.00
# Visual Studio 15
VisualStudioVersion = 15.0.27428.2015
MinimumVisualStudioVersion = 10.0.40219.1
Project("{8BC9CEB8-8B4A-11D0-8D11-00A0C91BC942}") = "00casting", "00casting\00casting.vcxproj", "{037A7351-8C99-4371-95AD-EAD17CCB034B}"
EndProject
Project("{FAE04EC0-301F-11D3-BF4B-00C04F79EFBC}") = "cs", "cs\cs.csproj", "{77497FFF-0467-4668-9668-DEB6207637D1}"
EndProject
Project("{FAE04EC0-301F-11D3-BF4B-00C04F79EFBC}") = "WpfApp1", "WpfApp1\WpfApp1.csproj", "{E97C64F6-15CE-49B4-9E35-C7102E9BD588}"
EndProject
Project("{FAE04EC0-301F-11D3-BF4B-00C04F79EFBC}") = "Save the Humans", "Save_the_Humans\Save the Humans.csproj", "{0083E050-ABCD-4E6C-82F6-5FC4D7D80D55}"
EndProject
Project("{9092AA53-FB77-4645-B42D-1CCCA6BD08BD}") = "NodejsWebApp1", "NodejsWebApp1\NodejsWebApp1.njsproj", "{5A485E8F-F88C-4D24-B96E-87BEF1A62A81}"
EndProject
Global
	GlobalSection(SolutionConfigurationPlatforms) = preSolution
		Debug|Any CPU = Debug|Any CPU
		Debug|x64 = Debug|x64
		Debug|x86 = Debug|x86
		Release|Any CPU = Release|Any CPU
		Release|x64 = Release|x64
		Release|x86 = Release|x86
	EndGlobalSection
	GlobalSection(ProjectConfigurationPlatforms) = postSolution
		{037A7351-8C99-4371-95AD-EAD17CCB034B}.Debug|Any CPU.ActiveCfg = Debug|Win32
		{037A7351-8C99-4371-95AD-EAD17CCB034B}.Debug|x64.ActiveCfg = Debug|x64
		{037A7351-8C99-4371-95AD-EAD17CCB034B}.Debug|x64.Build.0 = Debug|x64
		{037A7351-8C99-4371-95AD-EAD17CCB034B}.Debug|x86.ActiveCfg = Debug|Win32
		{037A7351-8C99-4371-95AD-EAD17CCB034B}.Debug|x86.Build.0 = Debug|Win32
		{037A7351-8C99-4371-95AD-EAD17CCB034B}.Release|Any CPU.ActiveCfg = Release|Win32
		{037A7351-8C99-4371-95AD-EAD17CCB034B}.Release|x64.ActiveCfg = Release|x64
		{037A7351-8C99-4371-95AD-EAD17CCB034B}.Release|x64.Build.0 = Release|x64
		{037A7351-8C99-4371-95AD-EAD17CCB034B}.Release|x86.ActiveCfg = Release|Win32
		{037A7351-8C99-4371-95AD-EAD17CCB034B}.Release|x86.Build.0 = Release|Win32
		{77497FFF-0467-4668-9668-DEB6207637D1}.Debug|Any CPU.ActiveCfg = Debug|Any CPU
		{77497FFF-0467-4668-9668-DEB6207637D1}.Debug|Any CPU.Build.0 = Debug|Any CPU
		{77497FFF-0467-4668-9668-DEB6207637D1}.Debug|x64.ActiveCfg = Debug|Any CPU
		{77497FFF-0467-4668-9668-DEB6207637D1}.Debug|x64.Build.0 = Debug|Any CPU
		{77497FFF-0467-4668-9668-DEB6207637D1}.Debug|x86.ActiveCfg = Debug|Any CPU
		{77497FFF-0467-4668-9668-DEB6207637D1}.Debug|x86.Build.0 = Debug|Any CPU
		{77497FFF-0467-4668-9668-DEB6207637D1}.Release|Any CPU.ActiveCfg = Release|Any CPU
		{77497FFF-0467-4668-9668-DEB6207637D1}.Release|Any CPU.Build.0 = Release|Any CPU
		{77497FFF-0467-4668-9668-DEB6207637D1}.Release|x64.ActiveCfg = Release|Any CPU
		{77497FFF-0467-4668-9668-DEB6207637D1}.Release|x64.Build.0 = Release|Any CPU
		{77497FFF-0467-4668-9668-DEB6207637D1}.Release|x86.ActiveCfg = Release|Any CPU
		{77497FFF-0467-4668-9668-DEB6207637D1}.Release|x86.Build.0 = Release|Any CPU
		{E97C64F6-15CE-49B4-9E35-C7102E9BD588}.Debug|Any CPU.ActiveCfg = Debug|Any CPU
		{E97C64F6-15CE-49B4-9E35-C7102E9BD588}.Debug|Any CPU.Build.0 = Debug|Any CPU
		{E97C64F6-15CE-49B4-9E35-C7102E9BD588}.Debug|x64.ActiveCfg = Debug|Any CPU
		{E97C64F6-15CE-49B4-9E35-C7102E9BD588}.Debug|x64.Build.0 = Debug|Any CPU
		{E97C64F6-15CE-49B4-9E35-C7102E9BD588}.Debug|x86.ActiveCfg = Debug|Any CPU
		{E97C64F6-15CE-49B4-9E35-C7102E9BD588}.Debug|x86.Build.0 = Debug|Any CPU
		{E97C64F6-15CE-49B4-9E35-C7102E9BD588}.Release|Any CPU.ActiveCfg = Release|Any CPU
		{E97C64F6-15CE-49B4-9E35-C7102E9BD588}.Release|Any CPU.Build.0 = Release|Any CPU
		{E97C64F6-15CE-49B4-9E35-C7102E9BD588}.Release|x64.ActiveCfg = Release|Any CPU
		{E97C64F6-15CE-49B4-9E35-C7102E9BD588}.Release|x64.Build.0 = Release|Any CPU
		{E97C64F6-15CE-49B4-9E35-C7102E9BD588}.Release|x86.ActiveCfg = Release|Any CPU
		{E97C64F6-15CE-49B4-9E35-C7102E9BD588}.Release|x86.Build.0 = Release|Any CPU
		{0083E050-ABCD-4E6C-82F6-5FC4D7D80D55}.Debug|Any CPU.ActiveCfg = Debug|Any CPU
		{0083E050-ABCD-4E6C-82F6-5FC4D7D80D55}.Debug|Any CPU.Build.0 = Debug|Any CPU
		{0083E050-ABCD-4E6C-82F6-5FC4D7D80D55}.Debug|x64.ActiveCfg = Debug|Any CPU
		{0083E050-ABCD-4E6C-82F6-5FC4D7D80D55}.Debug|x64.Build.0 = Debug|Any CPU
		{0083E050-ABCD-4E6C-82F6-5FC4D7D80D55}.Debug|x86.ActiveCfg = Debug|Any CPU
		{0083E050-ABCD-4E6C-82F6-5FC4D7D80D55}.Debug|x86.Build.0 = Debug|Any CPU
		{0083E050-ABCD-4E6C-82F6-5FC4D7D80D55}.Release|Any CPU.ActiveCfg = Release|Any CPU
		{0083E050-ABCD-4E6C-82F6-5FC4D7D80D55}.Release|Any CPU.Build.0 = Release|Any CPU
		{0083E050-ABCD-4E6C-82F6-5FC4D7D80D55}.Release|x64.ActiveCfg = Release|Any CPU
		{0083E050-ABCD-4E6C-82F6-5FC4D7D80D55}.Release|x64.Build.0 = Release|Any CPU
		{0083E050-ABCD-4E6C-82F6-5FC4D7D80D55}.Release|x86.ActiveCfg = Release|Any CPU
		{0083E050-ABCD-4E6C-82F6-5FC4D7D80D55}.Release|x86.Build.0 = Release|Any CPU
		{5A485E8F-F88C-4D24-B96E-87BEF1A62A81}.Debug|Any CPU.ActiveCfg = Debug|Any CPU
		{5A485E8F-F88C-4D24-B96E-87BEF1A62A81}.Debug|Any CPU.Build.0 = Debug|Any CPU
		{5A485E8F-F88C-4D24-B96E-87BEF1A62A81}.Debug|x64.ActiveCfg = Debug|Any CPU
		{5A485E8F-F88C-4D24-B96E-87BEF1A62A81}.Debug|x64.Build.0 = Debug|Any CPU
		{5A485E8F-F88C-4D24-B96E-87BEF1A62A81}.Debug|x86.ActiveCfg = Debug|Any CPU
		{5A485E8F-F88C-4D24-B96E-87BEF1A62A81}.Debug|x86.Build.0 = Debug|Any CPU
		{5A485E8F-F88C-4D24-B96E-87BEF1A62A81}.Release|Any CPU.ActiveCfg = Release|Any CPU
		{5A485E8F-F88C-4D24-B96E-87BEF1A62A81}.Release|Any CPU.Build.0 = Release|Any CPU
		{5A485E8F-F88C-4D24-B96E-87BEF1A62A81}.Release|x64.ActiveCfg = Release|Any CPU
		{5A485E8F-F88C-4D24-B96E-87BEF1A62A81}.Release|x64.Build.0 = Release|Any CPU
		{5A485E8F-F88C-4D24-B96E-87BEF1A62A81}.Release|x86.ActiveCfg = Release|Any CPU
		{5A485E8F-F88C-4D24-B96E-87BEF1A62A81}.Release|x86.Build.0 = Release|Any CPU
	EndGlobalSection
	GlobalSection(SolutionProperties) = preSolution
		HideSolutionNode = FALSE
	EndGlobalSection
	GlobalSection(ExtensibilityGlobals) = postSolution
		SolutionGuid = {17B955D3-254A-4719-8CCE-55F1C2D9940C}
	EndGlobalSection
EndGlobal
